
Microsoft Visual Studio Solution File, Format Version 12.00
# Visual Studio Version 16
VisualStudioVersion = 16.0.30309.148
MinimumVisualStudioVersion = 10.0.40219.1
Project("{FAE04EC0-301F-11D3-BF4B-00C04F79EFBC}") = "PhoneBookWebApi", "PhoneBookWebApi\PhoneBookWebApi.csproj", "{A1B3B412-4D81-413D-B4D8-A2291A92C4BA}"
EndProject
Global
	GlobalSection(SolutionConfigurationPlatforms) = preSolution
		Debug|Any CPU = Debug|Any CPU
		Release|Any CPU = Release|Any CPU
	EndGlobalSection
	GlobalSection(ProjectConfigurationPlatforms) = postSolution
		{A1B3B412-4D81-413D-B4D8-A2291A92C4BA}.Debug|Any CPU.ActiveCfg = Debug|Any CPU
		{A1B3B412-4D81-413D-B4D8-A2291A92C4BA}.Debug|Any CPU.Build.0 = Debug|Any CPU
		{A1B3B412-4D81-413D-B4D8-A2291A92C4BA}.Release|Any CPU.ActiveCfg = Release|Any CPU
		{A1B3B412-4D81-413D-B4D8-A2291A92C4BA}.Release|Any CPU.Build.0 = Release|Any CPU
	EndGlobalSection
	GlobalSection(SolutionProperties) = preSolution
		HideSolutionNode = FALSE
	EndGlobalSection
	GlobalSection(ExtensibilityGlobals) = postSolution
		SolutionGuid = {F62DAD44-7F93-40F6-B3F3-7378973F8AAB}
	EndGlobalSection
EndGlobal
